
Microsoft Visual Studio Solution File, Format Version 12.00
# Visual Studio Version 17
Project("{8BC9CEB8-8B4A-11D0-8D11-00A0C91BC942}") = "ALL_BUILD", "ALL_BUILD.vcxproj", "{CDA55A3B-4216-3385-AE79-C4FF78D6A67C}"
	ProjectSection(ProjectDependencies) = postProject
		{6408A8E7-A43F-311B-B595-8A3635D1A37E} = {6408A8E7-A43F-311B-B595-8A3635D1A37E}
		{4B4BA532-3707-32EC-AA83-06375B78F80A} = {4B4BA532-3707-32EC-AA83-06375B78F80A}
		{BCAD883D-83DF-3E6D-9822-B33A8C708EBF} = {BCAD883D-83DF-3E6D-9822-B33A8C708EBF}
		{4205AC1F-1F6F-3287-A977-600D19170A46} = {4205AC1F-1F6F-3287-A977-600D19170A46}
		{051B2560-2804-3D92-B272-4E9128AF2E21} = {051B2560-2804-3D92-B272-4E9128AF2E21}
		{8730771C-04C5-35B8-AB08-931B47DFAC8E} = {8730771C-04C5-35B8-AB08-931B47DFAC8E}
	EndProjectSection
EndProject
Project("{8BC9CEB8-8B4A-11D0-8D11-00A0C91BC942}") = "INSTALL", "INSTALL.vcxproj", "{8070807C-958F-3063-B565-C76BDF8D18C5}"
	ProjectSection(ProjectDependencies) = postProject
		{CDA55A3B-4216-3385-AE79-C4FF78D6A67C} = {CDA55A3B-4216-3385-AE79-C4FF78D6A67C}
		{6408A8E7-A43F-311B-B595-8A3635D1A37E} = {6408A8E7-A43F-311B-B595-8A3635D1A37E}
	EndProjectSection
EndProject
Project("{8BC9CEB8-8B4A-11D0-8D11-00A0C91BC942}") = "RUN_TESTS", "RUN_TESTS.vcxproj", "{E657CA4F-8B42-34DB-B32D-94CAB72F3FC1}"
	ProjectSection(ProjectDependencies) = postProject
		{6408A8E7-A43F-311B-B595-8A3635D1A37E} = {6408A8E7-A43F-311B-B595-8A3635D1A37E}
	EndProjectSection
EndProject
Project("{8BC9CEB8-8B4A-11D0-8D11-00A0C91BC942}") = "ZERO_CHECK", "ZERO_CHECK.vcxproj", "{6408A8E7-A43F-311B-B595-8A3635D1A37E}"
	ProjectSection(ProjectDependencies) = postProject
	EndProjectSection
EndProject
Project("{8BC9CEB8-8B4A-11D0-8D11-00A0C91BC942}") = "event", "src\event\event.vcxproj", "{4B4BA532-3707-32EC-AA83-06375B78F80A}"
	ProjectSection(ProjectDependencies) = postProject
		{6408A8E7-A43F-311B-B595-8A3635D1A37E} = {6408A8E7-A43F-311B-B595-8A3635D1A37E}
		{051B2560-2804-3D92-B272-4E9128AF2E21} = {051B2560-2804-3D92-B272-4E9128AF2E21}
	EndProjectSection
EndProject
Project("{8BC9CEB8-8B4A-11D0-8D11-00A0C91BC942}") = "event_tests", "src\tests\event\event_tests.vcxproj", "{BCAD883D-83DF-3E6D-9822-B33A8C708EBF}"
	ProjectSection(ProjectDependencies) = postProject
		{6408A8E7-A43F-311B-B595-8A3635D1A37E} = {6408A8E7-A43F-311B-B595-8A3635D1A37E}
		{4B4BA532-3707-32EC-AA83-06375B78F80A} = {4B4BA532-3707-32EC-AA83-06375B78F80A}
		{8CB8E5E8-4519-3B8C-B001-CFD44B87E733} = {8CB8E5E8-4519-3B8C-B001-CFD44B87E733}
		{79012755-7229-3CC2-920C-1E0130BA8C9D} = {79012755-7229-3CC2-920C-1E0130BA8C9D}
		{051B2560-2804-3D92-B272-4E9128AF2E21} = {051B2560-2804-3D92-B272-4E9128AF2E21}
	EndProjectSection
EndProject
Project("{8BC9CEB8-8B4A-11D0-8D11-00A0C91BC942}") = "eventapp", "src\eventapp\eventapp.vcxproj", "{4205AC1F-1F6F-3287-A977-600D19170A46}"
	ProjectSection(ProjectDependencies) = postProject
		{6408A8E7-A43F-311B-B595-8A3635D1A37E} = {6408A8E7-A43F-311B-B595-8A3635D1A37E}
		{4B4BA532-3707-32EC-AA83-06375B78F80A} = {4B4BA532-3707-32EC-AA83-06375B78F80A}
		{051B2560-2804-3D92-B272-4E9128AF2E21} = {051B2560-2804-3D92-B272-4E9128AF2E21}
	EndProjectSection
EndProject
Project("{8BC9CEB8-8B4A-11D0-8D11-00A0C91BC942}") = "gtest", "src\tests\googletest-build\googletest\gtest.vcxproj", "{8CB8E5E8-4519-3B8C-B001-CFD44B87E733}"
	ProjectSection(ProjectDependencies) = postProject
		{6408A8E7-A43F-311B-B595-8A3635D1A37E} = {6408A8E7-A43F-311B-B595-8A3635D1A37E}
	EndProjectSection
EndProject
Project("{8BC9CEB8-8B4A-11D0-8D11-00A0C91BC942}") = "gtest_main", "src\tests\googletest-build\googletest\gtest_main.vcxproj", "{79012755-7229-3CC2-920C-1E0130BA8C9D}"
	ProjectSection(ProjectDependencies) = postProject
		{6408A8E7-A43F-311B-B595-8A3635D1A37E} = {6408A8E7-A43F-311B-B595-8A3635D1A37E}
		{8CB8E5E8-4519-3B8C-B001-CFD44B87E733} = {8CB8E5E8-4519-3B8C-B001-CFD44B87E733}
	EndProjectSection
EndProject
Project("{8BC9CEB8-8B4A-11D0-8D11-00A0C91BC942}") = "utility", "src\utility\utility.vcxproj", "{051B2560-2804-3D92-B272-4E9128AF2E21}"
	ProjectSection(ProjectDependencies) = postProject
		{6408A8E7-A43F-311B-B595-8A3635D1A37E} = {6408A8E7-A43F-311B-B595-8A3635D1A37E}
	EndProjectSection
EndProject
Project("{8BC9CEB8-8B4A-11D0-8D11-00A0C91BC942}") = "utility_tests", "src\tests\utility\utility_tests.vcxproj", "{8730771C-04C5-35B8-AB08-931B47DFAC8E}"
	ProjectSection(ProjectDependencies) = postProject
		{6408A8E7-A43F-311B-B595-8A3635D1A37E} = {6408A8E7-A43F-311B-B595-8A3635D1A37E}
		{8CB8E5E8-4519-3B8C-B001-CFD44B87E733} = {8CB8E5E8-4519-3B8C-B001-CFD44B87E733}
		{79012755-7229-3CC2-920C-1E0130BA8C9D} = {79012755-7229-3CC2-920C-1E0130BA8C9D}
		{051B2560-2804-3D92-B272-4E9128AF2E21} = {051B2560-2804-3D92-B272-4E9128AF2E21}
	EndProjectSection
EndProject
Global
	GlobalSection(SolutionConfigurationPlatforms) = preSolution
		Debug|x64 = Debug|x64
		Release|x64 = Release|x64
	EndGlobalSection
	GlobalSection(ProjectConfigurationPlatforms) = postSolution
		{CDA55A3B-4216-3385-AE79-C4FF78D6A67C}.Debug|x64.ActiveCfg = Debug|x64
		{CDA55A3B-4216-3385-AE79-C4FF78D6A67C}.Debug|x64.Build.0 = Debug|x64
		{CDA55A3B-4216-3385-AE79-C4FF78D6A67C}.Release|x64.ActiveCfg = Release|x64
		{CDA55A3B-4216-3385-AE79-C4FF78D6A67C}.Release|x64.Build.0 = Release|x64
		{8070807C-958F-3063-B565-C76BDF8D18C5}.Debug|x64.ActiveCfg = Debug|x64
		{8070807C-958F-3063-B565-C76BDF8D18C5}.Release|x64.ActiveCfg = Release|x64
		{E657CA4F-8B42-34DB-B32D-94CAB72F3FC1}.Debug|x64.ActiveCfg = Debug|x64
		{E657CA4F-8B42-34DB-B32D-94CAB72F3FC1}.Release|x64.ActiveCfg = Release|x64
		{6408A8E7-A43F-311B-B595-8A3635D1A37E}.Debug|x64.ActiveCfg = Debug|x64
		{6408A8E7-A43F-311B-B595-8A3635D1A37E}.Debug|x64.Build.0 = Debug|x64
		{6408A8E7-A43F-311B-B595-8A3635D1A37E}.Release|x64.ActiveCfg = Release|x64
		{6408A8E7-A43F-311B-B595-8A3635D1A37E}.Release|x64.Build.0 = Release|x64
		{4B4BA532-3707-32EC-AA83-06375B78F80A}.Debug|x64.ActiveCfg = Debug|x64
		{4B4BA532-3707-32EC-AA83-06375B78F80A}.Debug|x64.Build.0 = Debug|x64
		{4B4BA532-3707-32EC-AA83-06375B78F80A}.Release|x64.ActiveCfg = Release|x64
		{4B4BA532-3707-32EC-AA83-06375B78F80A}.Release|x64.Build.0 = Release|x64
		{BCAD883D-83DF-3E6D-9822-B33A8C708EBF}.Debug|x64.ActiveCfg = Debug|x64
		{BCAD883D-83DF-3E6D-9822-B33A8C708EBF}.Debug|x64.Build.0 = Debug|x64
		{BCAD883D-83DF-3E6D-9822-B33A8C708EBF}.Release|x64.ActiveCfg = Release|x64
		{BCAD883D-83DF-3E6D-9822-B33A8C708EBF}.Release|x64.Build.0 = Release|x64
		{4205AC1F-1F6F-3287-A977-600D19170A46}.Debug|x64.ActiveCfg = Debug|x64
		{4205AC1F-1F6F-3287-A977-600D19170A46}.Debug|x64.Build.0 = Debug|x64
		{4205AC1F-1F6F-3287-A977-600D19170A46}.Release|x64.ActiveCfg = Release|x64
		{4205AC1F-1F6F-3287-A977-600D19170A46}.Release|x64.Build.0 = Release|x64
		{8CB8E5E8-4519-3B8C-B001-CFD44B87E733}.Debug|x64.ActiveCfg = Debug|x64
		{8CB8E5E8-4519-3B8C-B001-CFD44B87E733}.Debug|x64.Build.0 = Debug|x64
		{8CB8E5E8-4519-3B8C-B001-CFD44B87E733}.Release|x64.ActiveCfg = Release|x64
		{8CB8E5E8-4519-3B8C-B001-CFD44B87E733}.Release|x64.Build.0 = Release|x64
		{79012755-7229-3CC2-920C-1E0130BA8C9D}.Debug|x64.ActiveCfg = Debug|x64
		{79012755-7229-3CC2-920C-1E0130BA8C9D}.Debug|x64.Build.0 = Debug|x64
		{79012755-7229-3CC2-920C-1E0130BA8C9D}.Release|x64.ActiveCfg = Release|x64
		{79012755-7229-3CC2-920C-1E0130BA8C9D}.Release|x64.Build.0 = Release|x64
		{051B2560-2804-3D92-B272-4E9128AF2E21}.Debug|x64.ActiveCfg = Debug|x64
		{051B2560-2804-3D92-B272-4E9128AF2E21}.Debug|x64.Build.0 = Debug|x64
		{051B2560-2804-3D92-B272-4E9128AF2E21}.Release|x64.ActiveCfg = Release|x64
		{051B2560-2804-3D92-B272-4E9128AF2E21}.Release|x64.Build.0 = Release|x64
		{8730771C-04C5-35B8-AB08-931B47DFAC8E}.Debug|x64.ActiveCfg = Debug|x64
		{8730771C-04C5-35B8-AB08-931B47DFAC8E}.Debug|x64.Build.0 = Debug|x64
		{8730771C-04C5-35B8-AB08-931B47DFAC8E}.Release|x64.ActiveCfg = Release|x64
		{8730771C-04C5-35B8-AB08-931B47DFAC8E}.Release|x64.Build.0 = Release|x64
	EndGlobalSection
	GlobalSection(ExtensibilityGlobals) = postSolution
		SolutionGuid = {F2B9275A-2F12-3318-B2A7-F37C9DD417F9}
	EndGlobalSection
	GlobalSection(ExtensibilityAddIns) = postSolution
	EndGlobalSection
EndGlobal
