
Microsoft Visual Studio Solution File, Format Version 12.00
# Visual Studio Version 17
Project("{8BC9CEB8-8B4A-11D0-8D11-00A0C91BC942}") = "ALL_BUILD", "ALL_BUILD.vcxproj", "{CDA55A3B-4216-3385-AE79-C4FF78D6A67C}"
	ProjectSection(ProjectDependencies) = postProject
		{6408A8E7-A43F-311B-B595-8A3635D1A37E} = {6408A8E7-A43F-311B-B595-8A3635D1A37E}
		{C1A69031-365B-30C7-BBA4-D1BC803C0180} = {C1A69031-365B-30C7-BBA4-D1BC803C0180}
		{C5E926CE-A7EA-354D-A3E0-75F58A47A99E} = {C5E926CE-A7EA-354D-A3E0-75F58A47A99E}
		{8CB8E5E8-4519-3B8C-B001-CFD44B87E733} = {8CB8E5E8-4519-3B8C-B001-CFD44B87E733}
		{79012755-7229-3CC2-920C-1E0130BA8C9D} = {79012755-7229-3CC2-920C-1E0130BA8C9D}
	EndProjectSection
EndProject
Project("{8BC9CEB8-8B4A-11D0-8D11-00A0C91BC942}") = "INSTALL", "INSTALL.vcxproj", "{8070807C-958F-3063-B565-C76BDF8D18C5}"
	ProjectSection(ProjectDependencies) = postProject
		{CDA55A3B-4216-3385-AE79-C4FF78D6A67C} = {CDA55A3B-4216-3385-AE79-C4FF78D6A67C}
		{6408A8E7-A43F-311B-B595-8A3635D1A37E} = {6408A8E7-A43F-311B-B595-8A3635D1A37E}
	EndProjectSection
EndProject
Project("{8BC9CEB8-8B4A-11D0-8D11-00A0C91BC942}") = "RUN_TESTS", "RUN_TESTS.vcxproj", "{E657CA4F-8B42-34DB-B32D-94CAB72F3FC1}"
	ProjectSection(ProjectDependencies) = postProject
		{6408A8E7-A43F-311B-B595-8A3635D1A37E} = {6408A8E7-A43F-311B-B595-8A3635D1A37E}
	EndProjectSection
EndProject
Project("{8BC9CEB8-8B4A-11D0-8D11-00A0C91BC942}") = "ZERO_CHECK", "..\..\..\\ZERO_CHECK.vcxproj", "{6408A8E7-A43F-311B-B595-8A3635D1A37E}"
	ProjectSection(ProjectDependencies) = postProject
	EndProjectSection
EndProject
Project("{8BC9CEB8-8B4A-11D0-8D11-00A0C91BC942}") = "gmock", "googlemock\gmock.vcxproj", "{C1A69031-365B-30C7-BBA4-D1BC803C0180}"
	ProjectSection(ProjectDependencies) = postProject
		{6408A8E7-A43F-311B-B595-8A3635D1A37E} = {6408A8E7-A43F-311B-B595-8A3635D1A37E}
	EndProjectSection
EndProject
Project("{8BC9CEB8-8B4A-11D0-8D11-00A0C91BC942}") = "gmock_main", "googlemock\gmock_main.vcxproj", "{C5E926CE-A7EA-354D-A3E0-75F58A47A99E}"
	ProjectSection(ProjectDependencies) = postProject
		{6408A8E7-A43F-311B-B595-8A3635D1A37E} = {6408A8E7-A43F-311B-B595-8A3635D1A37E}
	EndProjectSection
EndProject
Project("{8BC9CEB8-8B4A-11D0-8D11-00A0C91BC942}") = "gtest", "googletest\gtest.vcxproj", "{8CB8E5E8-4519-3B8C-B001-CFD44B87E733}"
	ProjectSection(ProjectDependencies) = postProject
		{6408A8E7-A43F-311B-B595-8A3635D1A37E} = {6408A8E7-A43F-311B-B595-8A3635D1A37E}
	EndProjectSection
EndProject
Project("{8BC9CEB8-8B4A-11D0-8D11-00A0C91BC942}") = "gtest_main", "googletest\gtest_main.vcxproj", "{79012755-7229-3CC2-920C-1E0130BA8C9D}"
	ProjectSection(ProjectDependencies) = postProject
		{6408A8E7-A43F-311B-B595-8A3635D1A37E} = {6408A8E7-A43F-311B-B595-8A3635D1A37E}
		{8CB8E5E8-4519-3B8C-B001-CFD44B87E733} = {8CB8E5E8-4519-3B8C-B001-CFD44B87E733}
	EndProjectSection
EndProject
Global
	GlobalSection(SolutionConfigurationPlatforms) = preSolution
		Debug|x64 = Debug|x64
		Release|x64 = Release|x64
	EndGlobalSection
	GlobalSection(ProjectConfigurationPlatforms) = postSolution
		{CDA55A3B-4216-3385-AE79-C4FF78D6A67C}.Debug|x64.ActiveCfg = Debug|x64
		{CDA55A3B-4216-3385-AE79-C4FF78D6A67C}.Debug|x64.Build.0 = Debug|x64
		{CDA55A3B-4216-3385-AE79-C4FF78D6A67C}.Release|x64.ActiveCfg = Release|x64
		{CDA55A3B-4216-3385-AE79-C4FF78D6A67C}.Release|x64.Build.0 = Release|x64
		{8070807C-958F-3063-B565-C76BDF8D18C5}.Debug|x64.ActiveCfg = Debug|x64
		{8070807C-958F-3063-B565-C76BDF8D18C5}.Release|x64.ActiveCfg = Release|x64
		{E657CA4F-8B42-34DB-B32D-94CAB72F3FC1}.Debug|x64.ActiveCfg = Debug|x64
		{E657CA4F-8B42-34DB-B32D-94CAB72F3FC1}.Release|x64.ActiveCfg = Release|x64
		{6408A8E7-A43F-311B-B595-8A3635D1A37E}.Debug|x64.ActiveCfg = Debug|x64
		{6408A8E7-A43F-311B-B595-8A3635D1A37E}.Debug|x64.Build.0 = Debug|x64
		{6408A8E7-A43F-311B-B595-8A3635D1A37E}.Release|x64.ActiveCfg = Release|x64
		{6408A8E7-A43F-311B-B595-8A3635D1A37E}.Release|x64.Build.0 = Release|x64
		{C1A69031-365B-30C7-BBA4-D1BC803C0180}.Debug|x64.ActiveCfg = Debug|x64
		{C1A69031-365B-30C7-BBA4-D1BC803C0180}.Debug|x64.Build.0 = Debug|x64
		{C1A69031-365B-30C7-BBA4-D1BC803C0180}.Release|x64.ActiveCfg = Release|x64
		{C1A69031-365B-30C7-BBA4-D1BC803C0180}.Release|x64.Build.0 = Release|x64
		{C5E926CE-A7EA-354D-A3E0-75F58A47A99E}.Debug|x64.ActiveCfg = Debug|x64
		{C5E926CE-A7EA-354D-A3E0-75F58A47A99E}.Debug|x64.Build.0 = Debug|x64
		{C5E926CE-A7EA-354D-A3E0-75F58A47A99E}.Release|x64.ActiveCfg = Release|x64
		{C5E926CE-A7EA-354D-A3E0-75F58A47A99E}.Release|x64.Build.0 = Release|x64
		{8CB8E5E8-4519-3B8C-B001-CFD44B87E733}.Debug|x64.ActiveCfg = Debug|x64
		{8CB8E5E8-4519-3B8C-B001-CFD44B87E733}.Debug|x64.Build.0 = Debug|x64
		{8CB8E5E8-4519-3B8C-B001-CFD44B87E733}.Release|x64.ActiveCfg = Release|x64
		{8CB8E5E8-4519-3B8C-B001-CFD44B87E733}.Release|x64.Build.0 = Release|x64
		{79012755-7229-3CC2-920C-1E0130BA8C9D}.Debug|x64.ActiveCfg = Debug|x64
		{79012755-7229-3CC2-920C-1E0130BA8C9D}.Debug|x64.Build.0 = Debug|x64
		{79012755-7229-3CC2-920C-1E0130BA8C9D}.Release|x64.ActiveCfg = Release|x64
		{79012755-7229-3CC2-920C-1E0130BA8C9D}.Release|x64.Build.0 = Release|x64
	EndGlobalSection
	GlobalSection(ExtensibilityGlobals) = postSolution
		SolutionGuid = {DD9010C3-852C-3560-B03B-BF61A9E7F91D}
	EndGlobalSection
	GlobalSection(ExtensibilityAddIns) = postSolution
	EndGlobalSection
EndGlobal
